Microsoft Visual Studio Solution File, Format Version 12.00
# Visual Studio Version 17
VisualStudioVersion = 17.11.35327.3
MinimumVisualStudioVersion = 10.0.40219.1
Project("{FAE04EC0-301F-11D3-BF4B-00C04F79EFBC}") = "KKY_Tool_Revit_2019-2023", "KKY_Tool_Revit_2019-2023\KKY_Tool_Revit_2019-2023.csproj", "{8E58F05C-B323-4520-9436-7A7EA3123D82}"
EndProject
Project("{FAE04EC0-301F-11D3-BF4B-00C04F79EFBC}") = "KKY_Tool_Revit_2025", "KKY_Tool_Revit_2025\KKY_Tool_Revit_2025.csproj", "{87A4E5C6-9A7A-4D64-8F2D-4D665D1CA4F1}"
EndProject
Global
	GlobalSection(SolutionConfigurationPlatforms) = preSolution
		Debug|Any CPU = Debug|Any CPU
		Debug|x64 = Debug|x64
		Release|Any CPU = Release|Any CPU
		Release|x64 = Release|x64
	EndGlobalSection
	GlobalSection(ProjectConfigurationPlatforms) = postSolution
		{8E58F05C-B323-4520-9436-7A7EA3123D82}.Debug|Any CPU.ActiveCfg = Debug|Any CPU
		{8E58F05C-B323-4520-9436-7A7EA3123D82}.Debug|Any CPU.Build.0 = Debug|Any CPU
		{8E58F05C-B323-4520-9436-7A7EA3123D82}.Debug|x64.ActiveCfg = Debug|x64
		{8E58F05C-B323-4520-9436-7A7EA3123D82}.Debug|x64.Build.0 = Debug|x64
		{8E58F05C-B323-4520-9436-7A7EA3123D82}.Release|Any CPU.ActiveCfg = Release|Any CPU
		{8E58F05C-B323-4520-9436-7A7EA3123D82}.Release|Any CPU.Build.0 = Release|Any CPU
		{8E58F05C-B323-4520-9436-7A7EA3123D82}.Release|x64.ActiveCfg = Release|x64
		{8E58F05C-B323-4520-9436-7A7EA3123D82}.Release|x64.Build.0 = Release|x64
		{87A4E5C6-9A7A-4D64-8F2D-4D665D1CA4F1}.Debug|Any CPU.ActiveCfg = Debug|Any CPU
		{87A4E5C6-9A7A-4D64-8F2D-4D665D1CA4F1}.Debug|Any CPU.Build.0 = Debug|Any CPU
		{87A4E5C6-9A7A-4D64-8F2D-4D665D1CA4F1}.Debug|x64.ActiveCfg = Debug|x64
		{87A4E5C6-9A7A-4D64-8F2D-4D665D1CA4F1}.Debug|x64.Build.0 = Debug|x64
		{87A4E5C6-9A7A-4D64-8F2D-4D665D1CA4F1}.Release|Any CPU.ActiveCfg = Release|Any CPU
		{87A4E5C6-9A7A-4D64-8F2D-4D665D1CA4F1}.Release|Any CPU.Build.0 = Release|Any CPU
		{87A4E5C6-9A7A-4D64-8F2D-4D665D1CA4F1}.Release|x64.ActiveCfg = Release|x64
		{87A4E5C6-9A7A-4D64-8F2D-4D665D1CA4F1}.Release|x64.Build.0 = Release|x64
	EndGlobalSection
	GlobalSection(SolutionProperties) = preSolution
		HideSolutionNode = FALSE
	EndGlobalSection
	GlobalSection(ExtensibilityGlobals) = postSolution
		SolutionGuid = {3A53CC67-6578-4724-B58A-99505EEB2A01}
	EndGlobalSection
EndGlobal
